{
  "name": "arcgis-jsapi-getting-started",
  "version": "1.0.0",
  "lockfileVersion": 1,
  "requires": true,
  "dependencies": {
    "@types/arcgis-js-api": {
      "version": "4.20.1",
      "resolved": "https://registry.npmjs.org/@types/arcgis-js-api/-/arcgis-js-api-4.20.1.tgz",
      "integrity": "sha512-rqqYSWbVvN5IaNshF2l0Fr0vJFYXjNOrRJ1zKHu7MLXzBcgWQP2g3bghZlWrSartuxm2jlQdfjoWP+dNblWXRQ==",
      "dev": true
    },
    "typescript": {
      "version": "3.9.7",
      "resolved": "https://registry.npmjs.org/typescript/-/typescript-3.9.7.tgz",
      "integrity": "sha512-BLbiRkiBzAwsjut4x/dsibSTB6yWpwT5qWmC2OfuCg3GgVQCSgMs4vEctYPhsaGtd0AeuuHMkjZ2h2WG8MSzRw==",
      "dev": true
    }
  }
}
